
Microsoft Visual Studio Solution File, Format Version 12.00
# Visual Studio 2013
VisualStudioVersion = 12.0.30501.0
MinimumVisualStudioVersion = 10.0.40219.1
Project("{FAE04EC0-301F-11D3-BF4B-00C04F79EFBC}") = "Multitenant.Interception", "Multitenant.Interception\Multitenant.Interception.csproj", "{B11CDCEB-1076-469A-99BA-FD9900FB62BC}"
EndProject
Global
	GlobalSection(SolutionConfigurationPlatforms) = preSolution
		Debug|Any CPU = Debug|Any CPU
		Release|Any CPU = Release|Any CPU
	EndGlobalSection
	GlobalSection(ProjectConfigurationPlatforms) = postSolution
		{B11CDCEB-1076-469A-99BA-FD9900FB62BC}.Debug|Any CPU.ActiveCfg = Debug|Any CPU
		{B11CDCEB-1076-469A-99BA-FD9900FB62BC}.Debug|Any CPU.Build.0 = Debug|Any CPU
		{B11CDCEB-1076-469A-99BA-FD9900FB62BC}.Release|Any CPU.ActiveCfg = Release|Any CPU
		{B11CDCEB-1076-469A-99BA-FD9900FB62BC}.Release|Any CPU.Build.0 = Release|Any CPU
	EndGlobalSection
	GlobalSection(SolutionProperties) = preSolution
		HideSolutionNode = FALSE
	EndGlobalSection
EndGlobal
